
Microsoft Visual Studio Solution File, Format Version 12.00
# Visual Studio Version 17
VisualStudioVersion = 17.6.33829.357
MinimumVisualStudioVersion = 10.0.40219.1
Project("{9A19103F-16F7-4668-BE54-9A1E7A4F7556}") = "Tessa.Education.API", "Tessa.Education.API\Tessa.Education.API.csproj", "{050831F0-932C-44BF-8863-F7F797B249D3}"
EndProject
Project("{9A19103F-16F7-4668-BE54-9A1E7A4F7556}") = "Tessa.Education.BLL", "Tessa.Education.BLL\Tessa.Education.BLL.csproj", "{BFD8E125-B6E8-41AC-B528-BE8D858E1E23}"
EndProject
Project("{9A19103F-16F7-4668-BE54-9A1E7A4F7556}") = "Tessa.Education.DAL", "Tessa.Education.DAL\Tessa.Education.DAL.csproj", "{F147437F-4379-4CAF-A443-1AFFFC0D79B5}"
EndProject
Project("{9A19103F-16F7-4668-BE54-9A1E7A4F7556}") = "Tessa.Education.Entites", "Tessa.Education.Entites\Tessa.Education.Entites.csproj", "{73629F41-4FB2-4F73-862B-FE77377C3BC3}"
EndProject
Global
	GlobalSection(SolutionConfigurationPlatforms) = preSolution
		Debug|Any CPU = Debug|Any CPU
		Release|Any CPU = Release|Any CPU
	EndGlobalSection
	GlobalSection(ProjectConfigurationPlatforms) = postSolution
		{050831F0-932C-44BF-8863-F7F797B249D3}.Debug|Any CPU.ActiveCfg = Debug|Any CPU
		{050831F0-932C-44BF-8863-F7F797B249D3}.Debug|Any CPU.Build.0 = Debug|Any CPU
		{050831F0-932C-44BF-8863-F7F797B249D3}.Release|Any CPU.ActiveCfg = Release|Any CPU
		{050831F0-932C-44BF-8863-F7F797B249D3}.Release|Any CPU.Build.0 = Release|Any CPU
		{BFD8E125-B6E8-41AC-B528-BE8D858E1E23}.Debug|Any CPU.ActiveCfg = Debug|Any CPU
		{BFD8E125-B6E8-41AC-B528-BE8D858E1E23}.Debug|Any CPU.Build.0 = Debug|Any CPU
		{BFD8E125-B6E8-41AC-B528-BE8D858E1E23}.Release|Any CPU.ActiveCfg = Release|Any CPU
		{BFD8E125-B6E8-41AC-B528-BE8D858E1E23}.Release|Any CPU.Build.0 = Release|Any CPU
		{F147437F-4379-4CAF-A443-1AFFFC0D79B5}.Debug|Any CPU.ActiveCfg = Debug|Any CPU
		{F147437F-4379-4CAF-A443-1AFFFC0D79B5}.Debug|Any CPU.Build.0 = Debug|Any CPU
		{F147437F-4379-4CAF-A443-1AFFFC0D79B5}.Release|Any CPU.ActiveCfg = Release|Any CPU
		{F147437F-4379-4CAF-A443-1AFFFC0D79B5}.Release|Any CPU.Build.0 = Release|Any CPU
		{73629F41-4FB2-4F73-862B-FE77377C3BC3}.Debug|Any CPU.ActiveCfg = Debug|Any CPU
		{73629F41-4FB2-4F73-862B-FE77377C3BC3}.Debug|Any CPU.Build.0 = Debug|Any CPU
		{73629F41-4FB2-4F73-862B-FE77377C3BC3}.Release|Any CPU.ActiveCfg = Release|Any CPU
		{73629F41-4FB2-4F73-862B-FE77377C3BC3}.Release|Any CPU.Build.0 = Release|Any CPU
	EndGlobalSection
	GlobalSection(SolutionProperties) = preSolution
		HideSolutionNode = FALSE
	EndGlobalSection
	GlobalSection(ExtensibilityGlobals) = postSolution
		SolutionGuid = {81EF66F4-7639-490B-82F4-9BF4D48A7B7F}
	EndGlobalSection
EndGlobal
